<?xml version="1.0" encoding="utf-8"?>
<Project ToolsVersion="4.0" xmlns="http://schemas.microsoft.com/developer/msbuild/2003">
  <ItemGroup>
    <ClCompile Include="..\..\..\..\src\Card.c" />
    <ClCompile Include="..\..\..\..\src\EMVError.c" />
    <ClCompile Include="..\..\..\..\src\EMVTools.c" />
    <ClCompile Include="..\..\..\..\src\main.cpp" />
  </ItemGroup>
  <ItemGroup>
    <Filter Include="include">
      <UniqueIdentifier>{1d0c18fd-64a5-4865-b9ca-128952528423}</UniqueIdentifier>
    </Filter>
  </ItemGroup>
  <ItemGroup>
    <ClInclude Include="..\..\..\..\src\Card.h">
      <Filter>include</Filter>
    </ClInclude>
    <ClInclude Include="..\..\..\..\src\EMVError.h">
      <Filter>include</Filter>
    </ClInclude>
    <ClInclude Include="..\..\..\..\src\EMVTools.h">
      <Filter>include</Filter>
    </ClInclude>
  </ItemGroup>
</Project>