<?xml version="1.0" encoding="utf-8"?>
<Project ToolsVersion="4.0" xmlns="http://schemas.microsoft.com/developer/msbuild/2003">
  <ItemGroup>
    <ClCompile Include="..\..\..\..\src\CB2A.c">
      <Filter>src</Filter>
    </ClCompile>
    <ClCompile Include="..\..\..\..\src\EMV.c">
      <Filter>src</Filter>
    </ClCompile>
    <ClCompile Include="..\..\..\..\src\EMVConnect.c">
      <Filter>src</Filter>
    </ClCompile>
    <ClCompile Include="..\..\..\..\src\EMVError.c">
      <Filter>src</Filter>
    </ClCompile>
    <ClCompile Include="..\..\..\..\src\EMVFile.c">
      <Filter>src</Filter>
    </ClCompile>
    <ClCompile Include="..\..\..\..\src\EMVTag.c">
      <Filter>src</Filter>
    </ClCompile>
    <ClCompile Include="..\..\..\..\src\EMVTools.c">
      <Filter>src</Filter>
    </ClCompile>
    <ClCompile Include="..\..\..\..\src\EMVTrace.c">
      <Filter>src</Filter>
    </ClCompile>
    <ClCompile Include="..\..\..\..\src\main.cpp">
      <Filter>src</Filter>
    </ClCompile>
    <ClCompile Include="..\..\..\..\src\RouterConnect.c">
      <Filter>src</Filter>
    </ClCompile>
    <ClCompile Include="..\..\..\..\src\tlv.c">
      <Filter>src</Filter>
    </ClCompile>
  </ItemGroup>
  <ItemGroup>
    <Filter Include="include">
      <UniqueIdentifier>{a8487646-f9df-445c-8ba7-6705c5f7545e}</UniqueIdentifier>
    </Filter>
    <Filter Include="config">
      <UniqueIdentifier>{4f488e72-e5a5-434b-9fb2-99ea018d9003}</UniqueIdentifier>
    </Filter>
    <Filter Include="src">
      <UniqueIdentifier>{9b2d763a-de7c-4d2b-b957-06ecacd3c361}</UniqueIdentifier>
    </Filter>
    <Filter Include="MX">
      <UniqueIdentifier>{c5c27e83-47c6-4283-afca-4133e24ccbe9}</UniqueIdentifier>
    </Filter>
    <Filter Include="Files">
      <UniqueIdentifier>{100d964c-fff7-4948-999e-3704e78341d9}</UniqueIdentifier>
    </Filter>
    <Filter Include="Projects">
      <UniqueIdentifier>{a9deec3e-651e-40ae-afee-b10f4e1a36fb}</UniqueIdentifier>
    </Filter>
    <Filter Include="Projects\DemoProject">
      <UniqueIdentifier>{49701dc0-bfae-4450-b753-f4d852f4d677}</UniqueIdentifier>
    </Filter>
    <Filter Include="Projects\DemoProject\Files">
      <UniqueIdentifier>{c42c8581-6452-4fe9-8d3d-5de3b6df2fbe}</UniqueIdentifier>
    </Filter>
  </ItemGroup>
  <ItemGroup>
    <ClInclude Include="..\..\..\..\src\cb2a.h">
      <Filter>include</Filter>
    </ClInclude>
    <ClInclude Include="..\..\..\..\src\cb2aCode.h">
      <Filter>include</Filter>
    </ClInclude>
    <ClInclude Include="..\..\..\..\src\EMV.h">
      <Filter>include</Filter>
    </ClInclude>
    <ClInclude Include="..\..\..\..\src\EMVConnect.h">
      <Filter>include</Filter>
    </ClInclude>
    <ClInclude Include="..\..\..\..\src\EMVError.h">
      <Filter>include</Filter>
    </ClInclude>
    <ClInclude Include="..\..\..\..\src\EMVFile.H">
      <Filter>include</Filter>
    </ClInclude>
    <ClInclude Include="..\..\..\..\src\EMVTag.h">
      <Filter>include</Filter>
    </ClInclude>
    <ClInclude Include="..\..\..\..\src\EMVTools.h">
      <Filter>include</Filter>
    </ClInclude>
    <ClInclude Include="..\..\..\..\src\EMVTrace.h">
      <Filter>include</Filter>
    </ClInclude>
    <ClInclude Include="..\..\..\..\src\tagcode.h">
      <Filter>include</Filter>
    </ClInclude>
    <ClInclude Include="..\..\..\..\src\tlv.h">
      <Filter>include</Filter>
    </ClInclude>
  </ItemGroup>
  <ItemGroup>
    <None Include="..\..\..\..\MX\apdu.mx">
      <Filter>MX</Filter>
    </None>
    <None Include="..\..\..\..\MX\dialogfiles.mx">
      <Filter>MX</Filter>
    </None>
    <None Include="..\..\..\..\config\emv_acceptor.conf">
      <Filter>config</Filter>
    </None>
    <None Include="..\..\..\..\config\emv_applications.conf">
      <Filter>config</Filter>
    </None>
    <None Include="..\..\..\..\config\emv_authoritypublickeys.conf">
      <Filter>config</Filter>
    </None>
    <None Include="..\..\..\..\config\emv_currencies.conf">
      <Filter>config</Filter>
    </None>
    <None Include="..\..\..\..\config\emv_exceptioncards.conf">
      <Filter>config</Filter>
    </None>
    <None Include="..\..\..\..\config\emv_rangebins.conf">
      <Filter>config</Filter>
    </None>
    <None Include="..\..\..\..\config\emv_tacs.conf">
      <Filter>config</Filter>
    </None>
    <None Include="..\..\..\..\Files\CB2A.csv">
      <Filter>Files</Filter>
    </None>
    <None Include="..\..\..\..\Files\FILES.csv">
      <Filter>Files</Filter>
    </None>
    <None Include="..\..\..\..\Files\SW1SW2.csv">
      <Filter>Files</Filter>
    </None>
    <None Include="..\..\..\..\Files\TAGS.csv">
      <Filter>Files</Filter>
    </None>
    <None Include="..\..\..\..\Projects\DemoProject\Files\emv_acceptor.conf">
      <Filter>Projects\DemoProject\Files</Filter>
    </None>
    <None Include="..\..\..\..\Projects\DemoProject\Files\emv_applications.conf">
      <Filter>Projects\DemoProject\Files</Filter>
    </None>
    <None Include="..\..\..\..\Projects\DemoProject\Files\emv_authoritypublickeys.conf">
      <Filter>Projects\DemoProject\Files</Filter>
    </None>
    <None Include="..\..\..\..\Projects\DemoProject\Files\emv_currencies.conf">
      <Filter>Projects\DemoProject\Files</Filter>
    </None>
    <None Include="..\..\..\..\Projects\DemoProject\Files\emv_exceptioncards.conf">
      <Filter>Projects\DemoProject\Files</Filter>
    </None>
    <None Include="..\..\..\..\Projects\DemoProject\Files\emv_rangebins.conf">
      <Filter>Projects\DemoProject\Files</Filter>
    </None>
    <None Include="..\..\..\..\Projects\DemoProject\Files\emv_tacs.conf">
      <Filter>Projects\DemoProject\Files</Filter>
    </None>
    <None Include="..\..\..\..\Projects\DemoProject\Files\emvsolution.json">
      <Filter>Projects\DemoProject\Files</Filter>
    </None>
  </ItemGroup>
</Project>